
Microsoft Visual Studio Solution File, Format Version 12.00
# Visual Studio Version 17
VisualStudioVersion = 17.6.33829.357
MinimumVisualStudioVersion = 10.0.40219.1
Project("{FAE04EC0-301F-11D3-BF4B-00C04F79EFBC}") = "Registration_Airport", "Zadanie_V3\Registration_Airport.csproj", "{9900A432-9A08-45C5-9FDD-40BFFCD6FF29}"
EndProject
Global
	GlobalSection(SolutionConfigurationPlatforms) = preSolution
		Debug|Any CPU = Debug|Any CPU
		Release|Any CPU = Release|Any CPU
	EndGlobalSection
	GlobalSection(ProjectConfigurationPlatforms) = postSolution
		{9900A432-9A08-45C5-9FDD-40BFFCD6FF29}.Debug|Any CPU.ActiveCfg = Debug|Any CPU
		{9900A432-9A08-45C5-9FDD-40BFFCD6FF29}.Debug|Any CPU.Build.0 = Debug|Any CPU
		{9900A432-9A08-45C5-9FDD-40BFFCD6FF29}.Release|Any CPU.ActiveCfg = Release|Any CPU
		{9900A432-9A08-45C5-9FDD-40BFFCD6FF29}.Release|Any CPU.Build.0 = Release|Any CPU
	EndGlobalSection
	GlobalSection(SolutionProperties) = preSolution
		HideSolutionNode = FALSE
	EndGlobalSection
	GlobalSection(ExtensibilityGlobals) = postSolution
		SolutionGuid = {864E886A-481C-440E-AE4A-42040E0AF5C5}
	EndGlobalSection
EndGlobal
